
Microsoft Visual Studio Solution File, Format Version 12.00
# Visual Studio 14
VisualStudioVersion = 14.0.25420.1
MinimumVisualStudioVersion = 10.0.40219.1
Project("{FAE04EC0-301F-11D3-BF4B-00C04F79EFBC}") = "SonarMetrics.Console", "SonarMetrics.Console\SonarMetrics.Console.csproj", "{524DDA58-C869-481C-B074-8185A7B793D2}"
EndProject
Project("{FAE04EC0-301F-11D3-BF4B-00C04F79EFBC}") = "SonarMetrics.Lib", "SonarMetrics.Lib\SonarMetrics.Lib.csproj", "{4EDE0619-E5DD-4780-AC00-265B4F301E0E}"
EndProject
Project("{FAE04EC0-301F-11D3-BF4B-00C04F79EFBC}") = "SonarMetrics.IssuesReport", "SonarMetrics.IssuesReport\SonarMetrics.IssuesReport.csproj", "{4EC93D9B-A96F-4CBF-B6E4-C7C7255966E1}"
EndProject
Project("{FAE04EC0-301F-11D3-BF4B-00C04F79EFBC}") = "SonarMetrics.MetricsReport", "SonarMetrics.MetricsReport\SonarMetrics.MetricsReport.csproj", "{B2D377F8-0D7B-427F-B320-211862D83780}"
EndProject
Global
	GlobalSection(SolutionConfigurationPlatforms) = preSolution
		Debug|Any CPU = Debug|Any CPU
		Release|Any CPU = Release|Any CPU
	EndGlobalSection
	GlobalSection(ProjectConfigurationPlatforms) = postSolution
		{524DDA58-C869-481C-B074-8185A7B793D2}.Debug|Any CPU.ActiveCfg = Debug|Any CPU
		{524DDA58-C869-481C-B074-8185A7B793D2}.Debug|Any CPU.Build.0 = Debug|Any CPU
		{524DDA58-C869-481C-B074-8185A7B793D2}.Release|Any CPU.ActiveCfg = Release|Any CPU
		{524DDA58-C869-481C-B074-8185A7B793D2}.Release|Any CPU.Build.0 = Release|Any CPU
		{4EDE0619-E5DD-4780-AC00-265B4F301E0E}.Debug|Any CPU.ActiveCfg = Debug|Any CPU
		{4EDE0619-E5DD-4780-AC00-265B4F301E0E}.Debug|Any CPU.Build.0 = Debug|Any CPU
		{4EDE0619-E5DD-4780-AC00-265B4F301E0E}.Release|Any CPU.ActiveCfg = Release|Any CPU
		{4EDE0619-E5DD-4780-AC00-265B4F301E0E}.Release|Any CPU.Build.0 = Release|Any CPU
		{4EC93D9B-A96F-4CBF-B6E4-C7C7255966E1}.Debug|Any CPU.ActiveCfg = Debug|Any CPU
		{4EC93D9B-A96F-4CBF-B6E4-C7C7255966E1}.Debug|Any CPU.Build.0 = Debug|Any CPU
		{4EC93D9B-A96F-4CBF-B6E4-C7C7255966E1}.Release|Any CPU.ActiveCfg = Release|Any CPU
		{4EC93D9B-A96F-4CBF-B6E4-C7C7255966E1}.Release|Any CPU.Build.0 = Release|Any CPU
		{B2D377F8-0D7B-427F-B320-211862D83780}.Debug|Any CPU.ActiveCfg = Debug|Any CPU
		{B2D377F8-0D7B-427F-B320-211862D83780}.Debug|Any CPU.Build.0 = Debug|Any CPU
		{B2D377F8-0D7B-427F-B320-211862D83780}.Release|Any CPU.ActiveCfg = Release|Any CPU
		{B2D377F8-0D7B-427F-B320-211862D83780}.Release|Any CPU.Build.0 = Release|Any CPU
	EndGlobalSection
	GlobalSection(SolutionProperties) = preSolution
		HideSolutionNode = FALSE
	EndGlobalSection
EndGlobal
